
Microsoft Visual Studio Solution File, Format Version 12.00
# Visual Studio Version 17
VisualStudioVersion = 17.0.31903.59
MinimumVisualStudioVersion = 10.0.40219.1
Project("{FAE04EC0-301F-11D3-BF4B-00C04F79EFBC}") = "Graph", "Graph\Graph.csproj", "{134BCFFE-7C93-4CDF-BE5D-152E236A2AB7}"
EndProject
Project("{FAE04EC0-301F-11D3-BF4B-00C04F79EFBC}") = "Graph.Tests", "Graph.Tests\Graph.Tests.csproj", "{65CEEADF-D372-4CC3-BE6C-C5E76D69A801}"
EndProject
Project("{FAE04EC0-301F-11D3-BF4B-00C04F79EFBC}") = "Models", "Models\Models.csproj", "{51912EBC-B11F-4931-94B0-539A3AA4887F}"
EndProject
Global
	GlobalSection(SolutionConfigurationPlatforms) = preSolution
		Debug|Any CPU = Debug|Any CPU
		Release|Any CPU = Release|Any CPU
	EndGlobalSection
	GlobalSection(ProjectConfigurationPlatforms) = postSolution
		{134BCFFE-7C93-4CDF-BE5D-152E236A2AB7}.Debug|Any CPU.ActiveCfg = Debug|Any CPU
		{134BCFFE-7C93-4CDF-BE5D-152E236A2AB7}.Debug|Any CPU.Build.0 = Debug|Any CPU
		{134BCFFE-7C93-4CDF-BE5D-152E236A2AB7}.Release|Any CPU.ActiveCfg = Release|Any CPU
		{134BCFFE-7C93-4CDF-BE5D-152E236A2AB7}.Release|Any CPU.Build.0 = Release|Any CPU
		{65CEEADF-D372-4CC3-BE6C-C5E76D69A801}.Debug|Any CPU.ActiveCfg = Debug|Any CPU
		{65CEEADF-D372-4CC3-BE6C-C5E76D69A801}.Debug|Any CPU.Build.0 = Debug|Any CPU
		{65CEEADF-D372-4CC3-BE6C-C5E76D69A801}.Release|Any CPU.ActiveCfg = Release|Any CPU
		{65CEEADF-D372-4CC3-BE6C-C5E76D69A801}.Release|Any CPU.Build.0 = Release|Any CPU
		{51912EBC-B11F-4931-94B0-539A3AA4887F}.Debug|Any CPU.ActiveCfg = Debug|Any CPU
		{51912EBC-B11F-4931-94B0-539A3AA4887F}.Debug|Any CPU.Build.0 = Debug|Any CPU
		{51912EBC-B11F-4931-94B0-539A3AA4887F}.Release|Any CPU.ActiveCfg = Release|Any CPU
		{51912EBC-B11F-4931-94B0-539A3AA4887F}.Release|Any CPU.Build.0 = Release|Any CPU
	EndGlobalSection
	GlobalSection(SolutionProperties) = preSolution
		HideSolutionNode = FALSE
	EndGlobalSection
	GlobalSection(ExtensibilityGlobals) = postSolution
		SolutionGuid = {74B069DA-0585-4723-8D62-A58A875457AC}
	EndGlobalSection
EndGlobal
